# This file is autogenerated, do not edit; changes may be undone by the next 'dep ensure'.


[[projects]]
  branch = "master"
  name = "github.com/wallix/triplestore"
  packages = ["."]
  revision = "4099dd913851642f2c0b71f9c1a0c6887748849c"

[solve-meta]
  analyzer-name = "dep"
  analyzer-version = 1
  inputs-digest = "13c701d0ee8d4246c3ca5e4c6293a1ee05cb540bb0129f66c0e46eae528f0e44"
  solver-name = "gps-cdcl"
  solver-version = 1
